
Microsoft Visual Studio Solution File, Format Version 12.00
# Visual Studio 15
VisualStudioVersion = 15.0.28307.1684
MinimumVisualStudioVersion = 10.0.40219.1
Project("{FAE04EC0-301F-11D3-BF4B-00C04F79EFBC}") = "Projeto", "Projeto\Projeto.csproj", "{0741CF15-335E-4D34-B2A6-F56E2399DA78}"
EndProject
Global
	GlobalSection(SolutionConfigurationPlatforms) = preSolution
		Debug|Any CPU = Debug|Any CPU
		Release|Any CPU = Release|Any CPU
	EndGlobalSection
	GlobalSection(ProjectConfigurationPlatforms) = postSolution
		{0741CF15-335E-4D34-B2A6-F56E2399DA78}.Debug|Any CPU.ActiveCfg = Debug|Any CPU
		{0741CF15-335E-4D34-B2A6-F56E2399DA78}.Debug|Any CPU.Build.0 = Debug|Any CPU
		{0741CF15-335E-4D34-B2A6-F56E2399DA78}.Release|Any CPU.ActiveCfg = Release|Any CPU
		{0741CF15-335E-4D34-B2A6-F56E2399DA78}.Release|Any CPU.Build.0 = Release|Any CPU
	EndGlobalSection
	GlobalSection(SolutionProperties) = preSolution
		HideSolutionNode = FALSE
	EndGlobalSection
	GlobalSection(ExtensibilityGlobals) = postSolution
		SolutionGuid = {E2AD9871-B1E4-4363-870E-FDD1FBA1FD69}
	EndGlobalSection
EndGlobal
